
Microsoft Visual Studio Solution File, Format Version 12.00
# Visual Studio Version 17
VisualStudioVersion = 17.5.002.0
MinimumVisualStudioVersion = 10.0.40219.1
Project("{2150E333-8FDC-42A3-9474-1A3956D46DE8}") = "csharp-prep", "csharp-prep", "{983C5A62-1B60-4C76-8B8B-E2863C818773}"
EndProject
Project("{9A19103F-16F7-4668-BE54-9A1E7A4F7556}") = "Prep1", "csharp-prep\Prep1\Prep1.csproj", "{EAA34DDB-9003-4ECE-B66E-64A55C202A59}"
EndProject
Project("{9A19103F-16F7-4668-BE54-9A1E7A4F7556}") = "Prep2", "csharp-prep\Prep2\Prep2.csproj", "{65D7B6BE-C6B6-4BA4-B88F-985560DB285F}"
EndProject
Project("{9A19103F-16F7-4668-BE54-9A1E7A4F7556}") = "Prep3", "csharp-prep\Prep3\Prep3.csproj", "{4C515ED7-2D97-4CBC-90F8-D2820056848D}"
EndProject
Project("{9A19103F-16F7-4668-BE54-9A1E7A4F7556}") = "Prep4", "csharp-prep\Prep4\Prep4.csproj", "{3BFF08A3-92AD-40CF-B29B-F8A8B93C7435}"
EndProject
Project("{9A19103F-16F7-4668-BE54-9A1E7A4F7556}") = "Prep5", "csharp-prep\Prep5\Prep5.csproj", "{55FBEE80-B908-4AC0-90DF-123FCAA01DD9}"
EndProject
Project("{2150E333-8FDC-42A3-9474-1A3956D46DE8}") = "final", "final", "{D8EB6903-4ABA-409C-83E0-1A18EEA51F89}"
EndProject
Project("{9A19103F-16F7-4668-BE54-9A1E7A4F7556}") = "FinalProject", "final\FinalProject\FinalProject.csproj", "{7DFB714E-243D-4A32-9BD0-855059F5A6D7}"
EndProject
Project("{9A19103F-16F7-4668-BE54-9A1E7A4F7556}") = "Foundation1", "final\Foundation1\Foundation1.csproj", "{7B0F01F6-8BBA-45E7-BBE7-99184DDEFFD5}"
EndProject
Project("{9A19103F-16F7-4668-BE54-9A1E7A4F7556}") = "Foundation2", "final\Foundation2\Foundation2.csproj", "{7F96DCD5-5966-4D60-8E65-F3C23DB4316D}"
EndProject
Project("{9A19103F-16F7-4668-BE54-9A1E7A4F7556}") = "Foundation3", "final\Foundation3\Foundation3.csproj", "{049B6658-CD0A-41E0-B23A-67CFC8B9AAA1}"
EndProject
Project("{9A19103F-16F7-4668-BE54-9A1E7A4F7556}") = "Foundation4", "final\Foundation4\Foundation4.csproj", "{BF687690-068B-4022-98BF-4FCB9EDA7849}"
EndProject
Project("{2150E333-8FDC-42A3-9474-1A3956D46DE8}") = "prepare", "prepare", "{322B0289-23E0-4CF1-94CF-14D80D0D3506}"
EndProject
Project("{9A19103F-16F7-4668-BE54-9A1E7A4F7556}") = "Learning02", "prepare\Learning02\Learning02.csproj", "{785D1EE5-4C03-44A6-94CC-6EC23E6D1E35}"
EndProject
Project("{9A19103F-16F7-4668-BE54-9A1E7A4F7556}") = "Learning03", "prepare\Learning03\Learning03.csproj", "{0040DF13-191E-4247-AB5F-BDCE0E9D06E2}"
EndProject
Project("{9A19103F-16F7-4668-BE54-9A1E7A4F7556}") = "Learning04", "prepare\Learning04\Learning04.csproj", "{1EB2588F-E2AE-4AFA-B112-92AE97CE6A2A}"
EndProject
Project("{9A19103F-16F7-4668-BE54-9A1E7A4F7556}") = "Learning05", "prepare\Learning05\Learning05.csproj", "{5ED6440F-C827-44FE-ADD0-8A1E2D1EAF1B}"
EndProject
Project("{2150E333-8FDC-42A3-9474-1A3956D46DE8}") = "prove", "prove", "{16844564-A5F4-4304-8B1A-C89F36F9478B}"
EndProject
Project("{9A19103F-16F7-4668-BE54-9A1E7A4F7556}") = "Develop02", "prove\Develop02\Develop02.csproj", "{54D0E332-815B-403B-BD26-9D7DFF200F00}"
EndProject
Project("{9A19103F-16F7-4668-BE54-9A1E7A4F7556}") = "Develop03", "prove\Develop03\Develop03.csproj", "{9AD1D5D1-D4EA-470B-85DB-0AAC2543548F}"
EndProject
Project("{9A19103F-16F7-4668-BE54-9A1E7A4F7556}") = "Develop04", "prove\Develop04\Develop04.csproj", "{9237EAF8-F542-419A-9D79-820A9A61D100}"
EndProject
Project("{9A19103F-16F7-4668-BE54-9A1E7A4F7556}") = "Develop05", "prove\Develop05\Develop05.csproj", "{1BF692CA-D76E-44E4-97CB-12C4AB62B62C}"
EndProject
Project("{2150E333-8FDC-42A3-9474-1A3956D46DE8}") = "sandbox", "sandbox", "{7486BE1C-4919-47BE-848C-6FC0D21C7CB6}"
EndProject
Project("{9A19103F-16F7-4668-BE54-9A1E7A4F7556}") = "Sandbox", "sandbox\Sandbox\Sandbox.csproj", "{79B82CE8-BF88-4E1C-8E16-9E70D0167BAA}"
EndProject
Global
	GlobalSection(SolutionConfigurationPlatforms) = preSolution
		Debug|Any CPU = Debug|Any CPU
		Release|Any CPU = Release|Any CPU
	EndGlobalSection
	GlobalSection(ProjectConfigurationPlatforms) = postSolution
		{EAA34DDB-9003-4ECE-B66E-64A55C202A59}.Debug|Any CPU.ActiveCfg = Debug|Any CPU
		{EAA34DDB-9003-4ECE-B66E-64A55C202A59}.Debug|Any CPU.Build.0 = Debug|Any CPU
		{EAA34DDB-9003-4ECE-B66E-64A55C202A59}.Release|Any CPU.ActiveCfg = Release|Any CPU
		{EAA34DDB-9003-4ECE-B66E-64A55C202A59}.Release|Any CPU.Build.0 = Release|Any CPU
		{65D7B6BE-C6B6-4BA4-B88F-985560DB285F}.Debug|Any CPU.ActiveCfg = Debug|Any CPU
		{65D7B6BE-C6B6-4BA4-B88F-985560DB285F}.Debug|Any CPU.Build.0 = Debug|Any CPU
		{65D7B6BE-C6B6-4BA4-B88F-985560DB285F}.Release|Any CPU.ActiveCfg = Release|Any CPU
		{65D7B6BE-C6B6-4BA4-B88F-985560DB285F}.Release|Any CPU.Build.0 = Release|Any CPU
		{4C515ED7-2D97-4CBC-90F8-D2820056848D}.Debug|Any CPU.ActiveCfg = Debug|Any CPU
		{4C515ED7-2D97-4CBC-90F8-D2820056848D}.Debug|Any CPU.Build.0 = Debug|Any CPU
		{4C515ED7-2D97-4CBC-90F8-D2820056848D}.Release|Any CPU.ActiveCfg = Release|Any CPU
		{4C515ED7-2D97-4CBC-90F8-D2820056848D}.Release|Any CPU.Build.0 = Release|Any CPU
		{3BFF08A3-92AD-40CF-B29B-F8A8B93C7435}.Debug|Any CPU.ActiveCfg = Debug|Any CPU
		{3BFF08A3-92AD-40CF-B29B-F8A8B93C7435}.Debug|Any CPU.Build.0 = Debug|Any CPU
		{3BFF08A3-92AD-40CF-B29B-F8A8B93C7435}.Release|Any CPU.ActiveCfg = Release|Any CPU
		{3BFF08A3-92AD-40CF-B29B-F8A8B93C7435}.Release|Any CPU.Build.0 = Release|Any CPU
		{55FBEE80-B908-4AC0-90DF-123FCAA01DD9}.Debug|Any CPU.ActiveCfg = Debug|Any CPU
		{55FBEE80-B908-4AC0-90DF-123FCAA01DD9}.Debug|Any CPU.Build.0 = Debug|Any CPU
		{55FBEE80-B908-4AC0-90DF-123FCAA01DD9}.Release|Any CPU.ActiveCfg = Release|Any CPU
		{55FBEE80-B908-4AC0-90DF-123FCAA01DD9}.Release|Any CPU.Build.0 = Release|Any CPU
		{7DFB714E-243D-4A32-9BD0-855059F5A6D7}.Debug|Any CPU.ActiveCfg = Debug|Any CPU
		{7DFB714E-243D-4A32-9BD0-855059F5A6D7}.Debug|Any CPU.Build.0 = Debug|Any CPU
		{7DFB714E-243D-4A32-9BD0-855059F5A6D7}.Release|Any CPU.ActiveCfg = Release|Any CPU
		{7DFB714E-243D-4A32-9BD0-855059F5A6D7}.Release|Any CPU.Build.0 = Release|Any CPU
		{7B0F01F6-8BBA-45E7-BBE7-99184DDEFFD5}.Debug|Any CPU.ActiveCfg = Debug|Any CPU
		{7B0F01F6-8BBA-45E7-BBE7-99184DDEFFD5}.Debug|Any CPU.Build.0 = Debug|Any CPU
		{7B0F01F6-8BBA-45E7-BBE7-99184DDEFFD5}.Release|Any CPU.ActiveCfg = Release|Any CPU
		{7B0F01F6-8BBA-45E7-BBE7-99184DDEFFD5}.Release|Any CPU.Build.0 = Release|Any CPU
		{7F96DCD5-5966-4D60-8E65-F3C23DB4316D}.Debug|Any CPU.ActiveCfg = Debug|Any CPU
		{7F96DCD5-5966-4D60-8E65-F3C23DB4316D}.Debug|Any CPU.Build.0 = Debug|Any CPU
		{7F96DCD5-5966-4D60-8E65-F3C23DB4316D}.Release|Any CPU.ActiveCfg = Release|Any CPU
		{7F96DCD5-5966-4D60-8E65-F3C23DB4316D}.Release|Any CPU.Build.0 = Release|Any CPU
		{049B6658-CD0A-41E0-B23A-67CFC8B9AAA1}.Debug|Any CPU.ActiveCfg = Debug|Any CPU
		{049B6658-CD0A-41E0-B23A-67CFC8B9AAA1}.Debug|Any CPU.Build.0 = Debug|Any CPU
		{049B6658-CD0A-41E0-B23A-67CFC8B9AAA1}.Release|Any CPU.ActiveCfg = Release|Any CPU
		{049B6658-CD0A-41E0-B23A-67CFC8B9AAA1}.Release|Any CPU.Build.0 = Release|Any CPU
		{BF687690-068B-4022-98BF-4FCB9EDA7849}.Debug|Any CPU.ActiveCfg = Debug|Any CPU
		{BF687690-068B-4022-98BF-4FCB9EDA7849}.Debug|Any CPU.Build.0 = Debug|Any CPU
		{BF687690-068B-4022-98BF-4FCB9EDA7849}.Release|Any CPU.ActiveCfg = Release|Any CPU
		{BF687690-068B-4022-98BF-4FCB9EDA7849}.Release|Any CPU.Build.0 = Release|Any CPU
		{785D1EE5-4C03-44A6-94CC-6EC23E6D1E35}.Debug|Any CPU.ActiveCfg = Debug|Any CPU
		{785D1EE5-4C03-44A6-94CC-6EC23E6D1E35}.Debug|Any CPU.Build.0 = Debug|Any CPU
		{785D1EE5-4C03-44A6-94CC-6EC23E6D1E35}.Release|Any CPU.ActiveCfg = Release|Any CPU
		{785D1EE5-4C03-44A6-94CC-6EC23E6D1E35}.Release|Any CPU.Build.0 = Release|Any CPU
		{0040DF13-191E-4247-AB5F-BDCE0E9D06E2}.Debug|Any CPU.ActiveCfg = Debug|Any CPU
		{0040DF13-191E-4247-AB5F-BDCE0E9D06E2}.Debug|Any CPU.Build.0 = Debug|Any CPU
		{0040DF13-191E-4247-AB5F-BDCE0E9D06E2}.Release|Any CPU.ActiveCfg = Release|Any CPU
		{0040DF13-191E-4247-AB5F-BDCE0E9D06E2}.Release|Any CPU.Build.0 = Release|Any CPU
		{1EB2588F-E2AE-4AFA-B112-92AE97CE6A2A}.Debug|Any CPU.ActiveCfg = Debug|Any CPU
		{1EB2588F-E2AE-4AFA-B112-92AE97CE6A2A}.Debug|Any CPU.Build.0 = Debug|Any CPU
		{1EB2588F-E2AE-4AFA-B112-92AE97CE6A2A}.Release|Any CPU.ActiveCfg = Release|Any CPU
		{1EB2588F-E2AE-4AFA-B112-92AE97CE6A2A}.Release|Any CPU.Build.0 = Release|Any CPU
		{5ED6440F-C827-44FE-ADD0-8A1E2D1EAF1B}.Debug|Any CPU.ActiveCfg = Debug|Any CPU
		{5ED6440F-C827-44FE-ADD0-8A1E2D1EAF1B}.Debug|Any CPU.Build.0 = Debug|Any CPU
		{5ED6440F-C827-44FE-ADD0-8A1E2D1EAF1B}.Release|Any CPU.ActiveCfg = Release|Any CPU
		{5ED6440F-C827-44FE-ADD0-8A1E2D1EAF1B}.Release|Any CPU.Build.0 = Release|Any CPU
		{54D0E332-815B-403B-BD26-9D7DFF200F00}.Debug|Any CPU.ActiveCfg = Debug|Any CPU
		{54D0E332-815B-403B-BD26-9D7DFF200F00}.Debug|Any CPU.Build.0 = Debug|Any CPU
		{54D0E332-815B-403B-BD26-9D7DFF200F00}.Release|Any CPU.ActiveCfg = Release|Any CPU
		{54D0E332-815B-403B-BD26-9D7DFF200F00}.Release|Any CPU.Build.0 = Release|Any CPU
		{9AD1D5D1-D4EA-470B-85DB-0AAC2543548F}.Debug|Any CPU.ActiveCfg = Debug|Any CPU
		{9AD1D5D1-D4EA-470B-85DB-0AAC2543548F}.Debug|Any CPU.Build.0 = Debug|Any CPU
		{9AD1D5D1-D4EA-470B-85DB-0AAC2543548F}.Release|Any CPU.ActiveCfg = Release|Any CPU
		{9AD1D5D1-D4EA-470B-85DB-0AAC2543548F}.Release|Any CPU.Build.0 = Release|Any CPU
		{9237EAF8-F542-419A-9D79-820A9A61D100}.Debug|Any CPU.ActiveCfg = Debug|Any CPU
		{9237EAF8-F542-419A-9D79-820A9A61D100}.Debug|Any CPU.Build.0 = Debug|Any CPU
		{9237EAF8-F542-419A-9D79-820A9A61D100}.Release|Any CPU.ActiveCfg = Release|Any CPU
		{9237EAF8-F542-419A-9D79-820A9A61D100}.Release|Any CPU.Build.0 = Release|Any CPU
		{1BF692CA-D76E-44E4-97CB-12C4AB62B62C}.Debug|Any CPU.ActiveCfg = Debug|Any CPU
		{1BF692CA-D76E-44E4-97CB-12C4AB62B62C}.Debug|Any CPU.Build.0 = Debug|Any CPU
		{1BF692CA-D76E-44E4-97CB-12C4AB62B62C}.Release|Any CPU.ActiveCfg = Release|Any CPU
		{1BF692CA-D76E-44E4-97CB-12C4AB62B62C}.Release|Any CPU.Build.0 = Release|Any CPU
		{79B82CE8-BF88-4E1C-8E16-9E70D0167BAA}.Debug|Any CPU.ActiveCfg = Debug|Any CPU
		{79B82CE8-BF88-4E1C-8E16-9E70D0167BAA}.Debug|Any CPU.Build.0 = Debug|Any CPU
		{79B82CE8-BF88-4E1C-8E16-9E70D0167BAA}.Release|Any CPU.ActiveCfg = Release|Any CPU
		{79B82CE8-BF88-4E1C-8E16-9E70D0167BAA}.Release|Any CPU.Build.0 = Release|Any CPU
	EndGlobalSection
	GlobalSection(SolutionProperties) = preSolution
		HideSolutionNode = FALSE
	EndGlobalSection
	GlobalSection(NestedProjects) = preSolution
		{EAA34DDB-9003-4ECE-B66E-64A55C202A59} = {983C5A62-1B60-4C76-8B8B-E2863C818773}
		{65D7B6BE-C6B6-4BA4-B88F-985560DB285F} = {983C5A62-1B60-4C76-8B8B-E2863C818773}
		{4C515ED7-2D97-4CBC-90F8-D2820056848D} = {983C5A62-1B60-4C76-8B8B-E2863C818773}
		{3BFF08A3-92AD-40CF-B29B-F8A8B93C7435} = {983C5A62-1B60-4C76-8B8B-E2863C818773}
		{55FBEE80-B908-4AC0-90DF-123FCAA01DD9} = {983C5A62-1B60-4C76-8B8B-E2863C818773}
		{7DFB714E-243D-4A32-9BD0-855059F5A6D7} = {D8EB6903-4ABA-409C-83E0-1A18EEA51F89}
		{7B0F01F6-8BBA-45E7-BBE7-99184DDEFFD5} = {D8EB6903-4ABA-409C-83E0-1A18EEA51F89}
		{7F96DCD5-5966-4D60-8E65-F3C23DB4316D} = {D8EB6903-4ABA-409C-83E0-1A18EEA51F89}
		{049B6658-CD0A-41E0-B23A-67CFC8B9AAA1} = {D8EB6903-4ABA-409C-83E0-1A18EEA51F89}
		{BF687690-068B-4022-98BF-4FCB9EDA7849} = {D8EB6903-4ABA-409C-83E0-1A18EEA51F89}
		{785D1EE5-4C03-44A6-94CC-6EC23E6D1E35} = {322B0289-23E0-4CF1-94CF-14D80D0D3506}
		{0040DF13-191E-4247-AB5F-BDCE0E9D06E2} = {322B0289-23E0-4CF1-94CF-14D80D0D3506}
		{1EB2588F-E2AE-4AFA-B112-92AE97CE6A2A} = {322B0289-23E0-4CF1-94CF-14D80D0D3506}
		{5ED6440F-C827-44FE-ADD0-8A1E2D1EAF1B} = {322B0289-23E0-4CF1-94CF-14D80D0D3506}
		{54D0E332-815B-403B-BD26-9D7DFF200F00} = {16844564-A5F4-4304-8B1A-C89F36F9478B}
		{9AD1D5D1-D4EA-470B-85DB-0AAC2543548F} = {16844564-A5F4-4304-8B1A-C89F36F9478B}
		{9237EAF8-F542-419A-9D79-820A9A61D100} = {16844564-A5F4-4304-8B1A-C89F36F9478B}
		{1BF692CA-D76E-44E4-97CB-12C4AB62B62C} = {16844564-A5F4-4304-8B1A-C89F36F9478B}
		{79B82CE8-BF88-4E1C-8E16-9E70D0167BAA} = {7486BE1C-4919-47BE-848C-6FC0D21C7CB6}
	EndGlobalSection
	GlobalSection(ExtensibilityGlobals) = postSolution
		SolutionGuid = {641BC006-5605-40BF-A63E-BC608DDACA61}
	EndGlobalSection
EndGlobal
